
Microsoft Visual Studio Solution File, Format Version 12.00
# Visual Studio Version 17
VisualStudioVersion = 17.1.32319.34
MinimumVisualStudioVersion = 10.0.40219.1
Project("{9A19103F-16F7-4668-BE54-9A1E7A4F7556}") = "ProiectSOFT", "ProiectSOFT\ProiectSOFT.csproj", "{0B15904E-EF63-460E-8E15-2C8E16D47BF0}"
EndProject
Project("{9A19103F-16F7-4668-BE54-9A1E7A4F7556}") = "ProiectSoft.DAL", "ProiectSoft.DAL\ProiectSoft.DAL.csproj", "{8322AB2F-9FE2-4CDE-9491-9F2FBAC5ADBA}"
EndProject
Project("{FAE04EC0-301F-11D3-BF4B-00C04F79EFBC}") = "ProiectSoft.Services", "ProiectSoft.Services\ProiectSoft.Services.csproj", "{01D0574A-D073-449C-A1A6-D7F184988011}"
EndProject
Global
	GlobalSection(SolutionConfigurationPlatforms) = preSolution
		Debug|Any CPU = Debug|Any CPU
		Release|Any CPU = Release|Any CPU
	EndGlobalSection
	GlobalSection(ProjectConfigurationPlatforms) = postSolution
		{0B15904E-EF63-460E-8E15-2C8E16D47BF0}.Debug|Any CPU.ActiveCfg = Debug|Any CPU
		{0B15904E-EF63-460E-8E15-2C8E16D47BF0}.Debug|Any CPU.Build.0 = Debug|Any CPU
		{0B15904E-EF63-460E-8E15-2C8E16D47BF0}.Release|Any CPU.ActiveCfg = Release|Any CPU
		{0B15904E-EF63-460E-8E15-2C8E16D47BF0}.Release|Any CPU.Build.0 = Release|Any CPU
		{8322AB2F-9FE2-4CDE-9491-9F2FBAC5ADBA}.Debug|Any CPU.ActiveCfg = Debug|Any CPU
		{8322AB2F-9FE2-4CDE-9491-9F2FBAC5ADBA}.Debug|Any CPU.Build.0 = Debug|Any CPU
		{8322AB2F-9FE2-4CDE-9491-9F2FBAC5ADBA}.Release|Any CPU.ActiveCfg = Release|Any CPU
		{8322AB2F-9FE2-4CDE-9491-9F2FBAC5ADBA}.Release|Any CPU.Build.0 = Release|Any CPU
		{01D0574A-D073-449C-A1A6-D7F184988011}.Debug|Any CPU.ActiveCfg = Debug|Any CPU
		{01D0574A-D073-449C-A1A6-D7F184988011}.Debug|Any CPU.Build.0 = Debug|Any CPU
		{01D0574A-D073-449C-A1A6-D7F184988011}.Release|Any CPU.ActiveCfg = Release|Any CPU
		{01D0574A-D073-449C-A1A6-D7F184988011}.Release|Any CPU.Build.0 = Release|Any CPU
	EndGlobalSection
	GlobalSection(SolutionProperties) = preSolution
		HideSolutionNode = FALSE
	EndGlobalSection
	GlobalSection(ExtensibilityGlobals) = postSolution
		SolutionGuid = {D7A7A8AA-B5F2-4A03-9C21-95BA629F0444}
	EndGlobalSection
EndGlobal
